
Microsoft Visual Studio Solution File, Format Version 12.00
# Visual Studio 15
VisualStudioVersion = 15.0.28010.2050
MinimumVisualStudioVersion = 10.0.40219.1
Project("{FAE04EC0-301F-11D3-BF4B-00C04F79EFBC}") = "Products.Android", "Products\Products.Android\Products.Android.csproj", "{F30606A1-CF2C-4B84-81B6-FD62D833A7CF}"
EndProject
Project("{FAE04EC0-301F-11D3-BF4B-00C04F79EFBC}") = "Products.iOS", "Products\Products.iOS\Products.iOS.csproj", "{30F5F6B7-3F86-4F84-81BF-3CAF461B5DD1}"
EndProject
Project("{FAE04EC0-301F-11D3-BF4B-00C04F79EFBC}") = "Products", "Products\Products\Products.csproj", "{91C5566E-D4C5-4F41-8C7A-0BA1B5C04B55}"
EndProject
Project("{FAE04EC0-301F-11D3-BF4B-00C04F79EFBC}") = "Products.Domain", "Products.Domain\Products.Domain.csproj", "{8EB0661C-260A-4085-B6F0-C0E112933BE2}"
EndProject
Project("{FAE04EC0-301F-11D3-BF4B-00C04F79EFBC}") = "Products.Backend", "Products.Backend\Products.Backend.csproj", "{AD920BB1-D33A-4878-A0D6-84B146F32B0E}"
EndProject
Project("{FAE04EC0-301F-11D3-BF4B-00C04F79EFBC}") = "Products.API", "Products.API\Products.API.csproj", "{0A4F6D56-54D4-415F-8887-A9CD4F68180D}"
EndProject
Global
	GlobalSection(SolutionConfigurationPlatforms) = preSolution
		Ad-Hoc|Any CPU = Ad-Hoc|Any CPU
		Ad-Hoc|iPhone = Ad-Hoc|iPhone
		Ad-Hoc|iPhoneSimulator = Ad-Hoc|iPhoneSimulator
		AppStore|Any CPU = AppStore|Any CPU
		AppStore|iPhone = AppStore|iPhone
		AppStore|iPhoneSimulator = AppStore|iPhoneSimulator
		Debug|Any CPU = Debug|Any CPU
		Debug|iPhone = Debug|iPhone
		Debug|iPhoneSimulator = Debug|iPhoneSimulator
		Release|Any CPU = Release|Any CPU
		Release|iPhone = Release|iPhone
		Release|iPhoneSimulator = Release|iPhoneSimulator
	EndGlobalSection
	GlobalSection(ProjectConfigurationPlatforms) = postSolution
		{F30606A1-CF2C-4B84-81B6-FD62D833A7CF}.Ad-Hoc|Any CPU.ActiveCfg = Release|Any CPU
		{F30606A1-CF2C-4B84-81B6-FD62D833A7CF}.Ad-Hoc|Any CPU.Build.0 = Release|Any CPU
		{F30606A1-CF2C-4B84-81B6-FD62D833A7CF}.Ad-Hoc|Any CPU.Deploy.0 = Release|Any CPU
		{F30606A1-CF2C-4B84-81B6-FD62D833A7CF}.Ad-Hoc|iPhone.ActiveCfg = Release|Any CPU
		{F30606A1-CF2C-4B84-81B6-FD62D833A7CF}.Ad-Hoc|iPhone.Build.0 = Release|Any CPU
		{F30606A1-CF2C-4B84-81B6-FD62D833A7CF}.Ad-Hoc|iPhone.Deploy.0 = Release|Any CPU
		{F30606A1-CF2C-4B84-81B6-FD62D833A7CF}.Ad-Hoc|iPhoneSimulator.ActiveCfg = Release|Any CPU
		{F30606A1-CF2C-4B84-81B6-FD62D833A7CF}.Ad-Hoc|iPhoneSimulator.Build.0 = Release|Any CPU
		{F30606A1-CF2C-4B84-81B6-FD62D833A7CF}.Ad-Hoc|iPhoneSimulator.Deploy.0 = Release|Any CPU
		{F30606A1-CF2C-4B84-81B6-FD62D833A7CF}.AppStore|Any CPU.ActiveCfg = Release|Any CPU
		{F30606A1-CF2C-4B84-81B6-FD62D833A7CF}.AppStore|Any CPU.Build.0 = Release|Any CPU
		{F30606A1-CF2C-4B84-81B6-FD62D833A7CF}.AppStore|Any CPU.Deploy.0 = Release|Any CPU
		{F30606A1-CF2C-4B84-81B6-FD62D833A7CF}.AppStore|iPhone.ActiveCfg = Release|Any CPU
		{F30606A1-CF2C-4B84-81B6-FD62D833A7CF}.AppStore|iPhone.Build.0 = Release|Any CPU
		{F30606A1-CF2C-4B84-81B6-FD62D833A7CF}.AppStore|iPhone.Deploy.0 = Release|Any CPU
		{F30606A1-CF2C-4B84-81B6-FD62D833A7CF}.AppStore|iPhoneSimulator.ActiveCfg = Release|Any CPU
		{F30606A1-CF2C-4B84-81B6-FD62D833A7CF}.AppStore|iPhoneSimulator.Build.0 = Release|Any CPU
		{F30606A1-CF2C-4B84-81B6-FD62D833A7CF}.AppStore|iPhoneSimulator.Deploy.0 = Release|Any CPU
		{F30606A1-CF2C-4B84-81B6-FD62D833A7CF}.Debug|Any CPU.ActiveCfg = Debug|Any CPU
		{F30606A1-CF2C-4B84-81B6-FD62D833A7CF}.Debug|Any CPU.Build.0 = Debug|Any CPU
		{F30606A1-CF2C-4B84-81B6-FD62D833A7CF}.Debug|Any CPU.Deploy.0 = Debug|Any CPU
		{F30606A1-CF2C-4B84-81B6-FD62D833A7CF}.Debug|iPhone.ActiveCfg = Debug|Any CPU
		{F30606A1-CF2C-4B84-81B6-FD62D833A7CF}.Debug|iPhone.Build.0 = Debug|Any CPU
		{F30606A1-CF2C-4B84-81B6-FD62D833A7CF}.Debug|iPhone.Deploy.0 = Debug|Any CPU
		{F30606A1-CF2C-4B84-81B6-FD62D833A7CF}.Debug|iPhoneSimulator.ActiveCfg = Debug|Any CPU
		{F30606A1-CF2C-4B84-81B6-FD62D833A7CF}.Debug|iPhoneSimulator.Build.0 = Debug|Any CPU
		{F30606A1-CF2C-4B84-81B6-FD62D833A7CF}.Debug|iPhoneSimulator.Deploy.0 = Debug|Any CPU
		{F30606A1-CF2C-4B84-81B6-FD62D833A7CF}.Release|Any CPU.ActiveCfg = Release|Any CPU
		{F30606A1-CF2C-4B84-81B6-FD62D833A7CF}.Release|Any CPU.Build.0 = Release|Any CPU
		{F30606A1-CF2C-4B84-81B6-FD62D833A7CF}.Release|Any CPU.Deploy.0 = Release|Any CPU
		{F30606A1-CF2C-4B84-81B6-FD62D833A7CF}.Release|iPhone.ActiveCfg = Release|Any CPU
		{F30606A1-CF2C-4B84-81B6-FD62D833A7CF}.Release|iPhone.Build.0 = Release|Any CPU
		{F30606A1-CF2C-4B84-81B6-FD62D833A7CF}.Release|iPhone.Deploy.0 = Release|Any CPU
		{F30606A1-CF2C-4B84-81B6-FD62D833A7CF}.Release|iPhoneSimulator.ActiveCfg = Release|Any CPU
		{F30606A1-CF2C-4B84-81B6-FD62D833A7CF}.Release|iPhoneSimulator.Build.0 = Release|Any CPU
		{F30606A1-CF2C-4B84-81B6-FD62D833A7CF}.Release|iPhoneSimulator.Deploy.0 = Release|Any CPU
		{30F5F6B7-3F86-4F84-81BF-3CAF461B5DD1}.Ad-Hoc|Any CPU.ActiveCfg = Ad-Hoc|iPhone
		{30F5F6B7-3F86-4F84-81BF-3CAF461B5DD1}.Ad-Hoc|Any CPU.Build.0 = Ad-Hoc|iPhone
		{30F5F6B7-3F86-4F84-81BF-3CAF461B5DD1}.Ad-Hoc|Any CPU.Deploy.0 = Ad-Hoc|iPhone
		{30F5F6B7-3F86-4F84-81BF-3CAF461B5DD1}.Ad-Hoc|iPhone.ActiveCfg = Ad-Hoc|iPhone
		{30F5F6B7-3F86-4F84-81BF-3CAF461B5DD1}.Ad-Hoc|iPhone.Build.0 = Ad-Hoc|iPhone
		{30F5F6B7-3F86-4F84-81BF-3CAF461B5DD1}.Ad-Hoc|iPhone.Deploy.0 = Ad-Hoc|iPhone
		{30F5F6B7-3F86-4F84-81BF-3CAF461B5DD1}.Ad-Hoc|iPhoneSimulator.ActiveCfg = Ad-Hoc|iPhoneSimulator
		{30F5F6B7-3F86-4F84-81BF-3CAF461B5DD1}.Ad-Hoc|iPhoneSimulator.Build.0 = Ad-Hoc|iPhoneSimulator
		{30F5F6B7-3F86-4F84-81BF-3CAF461B5DD1}.Ad-Hoc|iPhoneSimulator.Deploy.0 = Ad-Hoc|iPhoneSimulator
		{30F5F6B7-3F86-4F84-81BF-3CAF461B5DD1}.AppStore|Any CPU.ActiveCfg = AppStore|iPhone
		{30F5F6B7-3F86-4F84-81BF-3CAF461B5DD1}.AppStore|Any CPU.Build.0 = AppStore|iPhone
		{30F5F6B7-3F86-4F84-81BF-3CAF461B5DD1}.AppStore|Any CPU.Deploy.0 = AppStore|iPhone
		{30F5F6B7-3F86-4F84-81BF-3CAF461B5DD1}.AppStore|iPhone.ActiveCfg = AppStore|iPhone
		{30F5F6B7-3F86-4F84-81BF-3CAF461B5DD1}.AppStore|iPhone.Build.0 = AppStore|iPhone
		{30F5F6B7-3F86-4F84-81BF-3CAF461B5DD1}.AppStore|iPhone.Deploy.0 = AppStore|iPhone
		{30F5F6B7-3F86-4F84-81BF-3CAF461B5DD1}.AppStore|iPhoneSimulator.ActiveCfg = AppStore|iPhoneSimulator
		{30F5F6B7-3F86-4F84-81BF-3CAF461B5DD1}.AppStore|iPhoneSimulator.Build.0 = AppStore|iPhoneSimulator
		{30F5F6B7-3F86-4F84-81BF-3CAF461B5DD1}.AppStore|iPhoneSimulator.Deploy.0 = AppStore|iPhoneSimulator
		{30F5F6B7-3F86-4F84-81BF-3CAF461B5DD1}.Debug|Any CPU.ActiveCfg = Debug|iPhoneSimulator
		{30F5F6B7-3F86-4F84-81BF-3CAF461B5DD1}.Debug|Any CPU.Build.0 = Debug|iPhoneSimulator
		{30F5F6B7-3F86-4F84-81BF-3CAF461B5DD1}.Debug|Any CPU.Deploy.0 = Debug|iPhoneSimulator
		{30F5F6B7-3F86-4F84-81BF-3CAF461B5DD1}.Debug|iPhone.ActiveCfg = Debug|iPhone
		{30F5F6B7-3F86-4F84-81BF-3CAF461B5DD1}.Debug|iPhone.Build.0 = Debug|iPhone
		{30F5F6B7-3F86-4F84-81BF-3CAF461B5DD1}.Debug|iPhone.Deploy.0 = Debug|iPhone
		{30F5F6B7-3F86-4F84-81BF-3CAF461B5DD1}.Debug|iPhoneSimulator.ActiveCfg = Debug|iPhoneSimulator
		{30F5F6B7-3F86-4F84-81BF-3CAF461B5DD1}.Debug|iPhoneSimulator.Build.0 = Debug|iPhoneSimulator
		{30F5F6B7-3F86-4F84-81BF-3CAF461B5DD1}.Debug|iPhoneSimulator.Deploy.0 = Debug|iPhoneSimulator
		{30F5F6B7-3F86-4F84-81BF-3CAF461B5DD1}.Release|Any CPU.ActiveCfg = Release|iPhone
		{30F5F6B7-3F86-4F84-81BF-3CAF461B5DD1}.Release|Any CPU.Build.0 = Release|iPhone
		{30F5F6B7-3F86-4F84-81BF-3CAF461B5DD1}.Release|Any CPU.Deploy.0 = Release|iPhone
		{30F5F6B7-3F86-4F84-81BF-3CAF461B5DD1}.Release|iPhone.ActiveCfg = Release|iPhone
		{30F5F6B7-3F86-4F84-81BF-3CAF461B5DD1}.Release|iPhone.Build.0 = Release|iPhone
		{30F5F6B7-3F86-4F84-81BF-3CAF461B5DD1}.Release|iPhone.Deploy.0 = Release|iPhone
		{30F5F6B7-3F86-4F84-81BF-3CAF461B5DD1}.Release|iPhoneSimulator.ActiveCfg = Release|iPhoneSimulator
		{30F5F6B7-3F86-4F84-81BF-3CAF461B5DD1}.Release|iPhoneSimulator.Build.0 = Release|iPhoneSimulator
		{30F5F6B7-3F86-4F84-81BF-3CAF461B5DD1}.Release|iPhoneSimulator.Deploy.0 = Release|iPhoneSimulator
		{91C5566E-D4C5-4F41-8C7A-0BA1B5C04B55}.Ad-Hoc|Any CPU.ActiveCfg = Debug|Any CPU
		{91C5566E-D4C5-4F41-8C7A-0BA1B5C04B55}.Ad-Hoc|Any CPU.Build.0 = Debug|Any CPU
		{91C5566E-D4C5-4F41-8C7A-0BA1B5C04B55}.Ad-Hoc|Any CPU.Deploy.0 = Debug|Any CPU
		{91C5566E-D4C5-4F41-8C7A-0BA1B5C04B55}.Ad-Hoc|iPhone.ActiveCfg = Debug|Any CPU
		{91C5566E-D4C5-4F41-8C7A-0BA1B5C04B55}.Ad-Hoc|iPhone.Build.0 = Debug|Any CPU
		{91C5566E-D4C5-4F41-8C7A-0BA1B5C04B55}.Ad-Hoc|iPhone.Deploy.0 = Debug|Any CPU
		{91C5566E-D4C5-4F41-8C7A-0BA1B5C04B55}.Ad-Hoc|iPhoneSimulator.ActiveCfg = Debug|Any CPU
		{91C5566E-D4C5-4F41-8C7A-0BA1B5C04B55}.Ad-Hoc|iPhoneSimulator.Build.0 = Debug|Any CPU
		{91C5566E-D4C5-4F41-8C7A-0BA1B5C04B55}.Ad-Hoc|iPhoneSimulator.Deploy.0 = Debug|Any CPU
		{91C5566E-D4C5-4F41-8C7A-0BA1B5C04B55}.AppStore|Any CPU.ActiveCfg = Debug|Any CPU
		{91C5566E-D4C5-4F41-8C7A-0BA1B5C04B55}.AppStore|Any CPU.Build.0 = Debug|Any CPU
		{91C5566E-D4C5-4F41-8C7A-0BA1B5C04B55}.AppStore|Any CPU.Deploy.0 = Debug|Any CPU
		{91C5566E-D4C5-4F41-8C7A-0BA1B5C04B55}.AppStore|iPhone.ActiveCfg = Debug|Any CPU
		{91C5566E-D4C5-4F41-8C7A-0BA1B5C04B55}.AppStore|iPhone.Build.0 = Debug|Any CPU
		{91C5566E-D4C5-4F41-8C7A-0BA1B5C04B55}.AppStore|iPhone.Deploy.0 = Debug|Any CPU
		{91C5566E-D4C5-4F41-8C7A-0BA1B5C04B55}.AppStore|iPhoneSimulator.ActiveCfg = Debug|Any CPU
		{91C5566E-D4C5-4F41-8C7A-0BA1B5C04B55}.AppStore|iPhoneSimulator.Build.0 = Debug|Any CPU
		{91C5566E-D4C5-4F41-8C7A-0BA1B5C04B55}.AppStore|iPhoneSimulator.Deploy.0 = Debug|Any CPU
		{91C5566E-D4C5-4F41-8C7A-0BA1B5C04B55}.Debug|Any CPU.ActiveCfg = Debug|Any CPU
		{91C5566E-D4C5-4F41-8C7A-0BA1B5C04B55}.Debug|Any CPU.Build.0 = Debug|Any CPU
		{91C5566E-D4C5-4F41-8C7A-0BA1B5C04B55}.Debug|Any CPU.Deploy.0 = Debug|Any CPU
		{91C5566E-D4C5-4F41-8C7A-0BA1B5C04B55}.Debug|iPhone.ActiveCfg = Debug|Any CPU
		{91C5566E-D4C5-4F41-8C7A-0BA1B5C04B55}.Debug|iPhone.Build.0 = Debug|Any CPU
		{91C5566E-D4C5-4F41-8C7A-0BA1B5C04B55}.Debug|iPhone.Deploy.0 = Debug|Any CPU
		{91C5566E-D4C5-4F41-8C7A-0BA1B5C04B55}.Debug|iPhoneSimulator.ActiveCfg = Debug|Any CPU
		{91C5566E-D4C5-4F41-8C7A-0BA1B5C04B55}.Debug|iPhoneSimulator.Build.0 = Debug|Any CPU
		{91C5566E-D4C5-4F41-8C7A-0BA1B5C04B55}.Debug|iPhoneSimulator.Deploy.0 = Debug|Any CPU
		{91C5566E-D4C5-4F41-8C7A-0BA1B5C04B55}.Release|Any CPU.ActiveCfg = Release|Any CPU
		{91C5566E-D4C5-4F41-8C7A-0BA1B5C04B55}.Release|Any CPU.Build.0 = Release|Any CPU
		{91C5566E-D4C5-4F41-8C7A-0BA1B5C04B55}.Release|Any CPU.Deploy.0 = Release|Any CPU
		{91C5566E-D4C5-4F41-8C7A-0BA1B5C04B55}.Release|iPhone.ActiveCfg = Release|Any CPU
		{91C5566E-D4C5-4F41-8C7A-0BA1B5C04B55}.Release|iPhone.Build.0 = Release|Any CPU
		{91C5566E-D4C5-4F41-8C7A-0BA1B5C04B55}.Release|iPhone.Deploy.0 = Release|Any CPU
		{91C5566E-D4C5-4F41-8C7A-0BA1B5C04B55}.Release|iPhoneSimulator.ActiveCfg = Release|Any CPU
		{91C5566E-D4C5-4F41-8C7A-0BA1B5C04B55}.Release|iPhoneSimulator.Build.0 = Release|Any CPU
		{91C5566E-D4C5-4F41-8C7A-0BA1B5C04B55}.Release|iPhoneSimulator.Deploy.0 = Release|Any CPU
		{8EB0661C-260A-4085-B6F0-C0E112933BE2}.Ad-Hoc|Any CPU.ActiveCfg = Release|Any CPU
		{8EB0661C-260A-4085-B6F0-C0E112933BE2}.Ad-Hoc|Any CPU.Build.0 = Release|Any CPU
		{8EB0661C-260A-4085-B6F0-C0E112933BE2}.Ad-Hoc|iPhone.ActiveCfg = Release|Any CPU
		{8EB0661C-260A-4085-B6F0-C0E112933BE2}.Ad-Hoc|iPhone.Build.0 = Release|Any CPU
		{8EB0661C-260A-4085-B6F0-C0E112933BE2}.Ad-Hoc|iPhoneSimulator.ActiveCfg = Release|Any CPU
		{8EB0661C-260A-4085-B6F0-C0E112933BE2}.Ad-Hoc|iPhoneSimulator.Build.0 = Release|Any CPU
		{8EB0661C-260A-4085-B6F0-C0E112933BE2}.AppStore|Any CPU.ActiveCfg = Release|Any CPU
		{8EB0661C-260A-4085-B6F0-C0E112933BE2}.AppStore|Any CPU.Build.0 = Release|Any CPU
		{8EB0661C-260A-4085-B6F0-C0E112933BE2}.AppStore|iPhone.ActiveCfg = Release|Any CPU
		{8EB0661C-260A-4085-B6F0-C0E112933BE2}.AppStore|iPhone.Build.0 = Release|Any CPU
		{8EB0661C-260A-4085-B6F0-C0E112933BE2}.AppStore|iPhoneSimulator.ActiveCfg = Release|Any CPU
		{8EB0661C-260A-4085-B6F0-C0E112933BE2}.AppStore|iPhoneSimulator.Build.0 = Release|Any CPU
		{8EB0661C-260A-4085-B6F0-C0E112933BE2}.Debug|Any CPU.ActiveCfg = Debug|Any CPU
		{8EB0661C-260A-4085-B6F0-C0E112933BE2}.Debug|Any CPU.Build.0 = Debug|Any CPU
		{8EB0661C-260A-4085-B6F0-C0E112933BE2}.Debug|iPhone.ActiveCfg = Debug|Any CPU
		{8EB0661C-260A-4085-B6F0-C0E112933BE2}.Debug|iPhone.Build.0 = Debug|Any CPU
		{8EB0661C-260A-4085-B6F0-C0E112933BE2}.Debug|iPhoneSimulator.ActiveCfg = Debug|Any CPU
		{8EB0661C-260A-4085-B6F0-C0E112933BE2}.Debug|iPhoneSimulator.Build.0 = Debug|Any CPU
		{8EB0661C-260A-4085-B6F0-C0E112933BE2}.Release|Any CPU.ActiveCfg = Release|Any CPU
		{8EB0661C-260A-4085-B6F0-C0E112933BE2}.Release|Any CPU.Build.0 = Release|Any CPU
		{8EB0661C-260A-4085-B6F0-C0E112933BE2}.Release|iPhone.ActiveCfg = Release|Any CPU
		{8EB0661C-260A-4085-B6F0-C0E112933BE2}.Release|iPhone.Build.0 = Release|Any CPU
		{8EB0661C-260A-4085-B6F0-C0E112933BE2}.Release|iPhoneSimulator.ActiveCfg = Release|Any CPU
		{8EB0661C-260A-4085-B6F0-C0E112933BE2}.Release|iPhoneSimulator.Build.0 = Release|Any CPU
		{AD920BB1-D33A-4878-A0D6-84B146F32B0E}.Ad-Hoc|Any CPU.ActiveCfg = Release|Any CPU
		{AD920BB1-D33A-4878-A0D6-84B146F32B0E}.Ad-Hoc|Any CPU.Build.0 = Release|Any CPU
		{AD920BB1-D33A-4878-A0D6-84B146F32B0E}.Ad-Hoc|iPhone.ActiveCfg = Release|Any CPU
		{AD920BB1-D33A-4878-A0D6-84B146F32B0E}.Ad-Hoc|iPhone.Build.0 = Release|Any CPU
		{AD920BB1-D33A-4878-A0D6-84B146F32B0E}.Ad-Hoc|iPhoneSimulator.ActiveCfg = Release|Any CPU
		{AD920BB1-D33A-4878-A0D6-84B146F32B0E}.Ad-Hoc|iPhoneSimulator.Build.0 = Release|Any CPU
		{AD920BB1-D33A-4878-A0D6-84B146F32B0E}.AppStore|Any CPU.ActiveCfg = Release|Any CPU
		{AD920BB1-D33A-4878-A0D6-84B146F32B0E}.AppStore|Any CPU.Build.0 = Release|Any CPU
		{AD920BB1-D33A-4878-A0D6-84B146F32B0E}.AppStore|iPhone.ActiveCfg = Release|Any CPU
		{AD920BB1-D33A-4878-A0D6-84B146F32B0E}.AppStore|iPhone.Build.0 = Release|Any CPU
		{AD920BB1-D33A-4878-A0D6-84B146F32B0E}.AppStore|iPhoneSimulator.ActiveCfg = Release|Any CPU
		{AD920BB1-D33A-4878-A0D6-84B146F32B0E}.AppStore|iPhoneSimulator.Build.0 = Release|Any CPU
		{AD920BB1-D33A-4878-A0D6-84B146F32B0E}.Debug|Any CPU.ActiveCfg = Debug|Any CPU
		{AD920BB1-D33A-4878-A0D6-84B146F32B0E}.Debug|Any CPU.Build.0 = Debug|Any CPU
		{AD920BB1-D33A-4878-A0D6-84B146F32B0E}.Debug|iPhone.ActiveCfg = Debug|Any CPU
		{AD920BB1-D33A-4878-A0D6-84B146F32B0E}.Debug|iPhone.Build.0 = Debug|Any CPU
		{AD920BB1-D33A-4878-A0D6-84B146F32B0E}.Debug|iPhoneSimulator.ActiveCfg = Debug|Any CPU
		{AD920BB1-D33A-4878-A0D6-84B146F32B0E}.Debug|iPhoneSimulator.Build.0 = Debug|Any CPU
		{AD920BB1-D33A-4878-A0D6-84B146F32B0E}.Release|Any CPU.ActiveCfg = Release|Any CPU
		{AD920BB1-D33A-4878-A0D6-84B146F32B0E}.Release|Any CPU.Build.0 = Release|Any CPU
		{AD920BB1-D33A-4878-A0D6-84B146F32B0E}.Release|iPhone.ActiveCfg = Release|Any CPU
		{AD920BB1-D33A-4878-A0D6-84B146F32B0E}.Release|iPhone.Build.0 = Release|Any CPU
		{AD920BB1-D33A-4878-A0D6-84B146F32B0E}.Release|iPhoneSimulator.ActiveCfg = Release|Any CPU
		{AD920BB1-D33A-4878-A0D6-84B146F32B0E}.Release|iPhoneSimulator.Build.0 = Release|Any CPU
		{0A4F6D56-54D4-415F-8887-A9CD4F68180D}.Ad-Hoc|Any CPU.ActiveCfg = Release|Any CPU
		{0A4F6D56-54D4-415F-8887-A9CD4F68180D}.Ad-Hoc|Any CPU.Build.0 = Release|Any CPU
		{0A4F6D56-54D4-415F-8887-A9CD4F68180D}.Ad-Hoc|iPhone.ActiveCfg = Release|Any CPU
		{0A4F6D56-54D4-415F-8887-A9CD4F68180D}.Ad-Hoc|iPhone.Build.0 = Release|Any CPU
		{0A4F6D56-54D4-415F-8887-A9CD4F68180D}.Ad-Hoc|iPhoneSimulator.ActiveCfg = Release|Any CPU
		{0A4F6D56-54D4-415F-8887-A9CD4F68180D}.Ad-Hoc|iPhoneSimulator.Build.0 = Release|Any CPU
		{0A4F6D56-54D4-415F-8887-A9CD4F68180D}.AppStore|Any CPU.ActiveCfg = Release|Any CPU
		{0A4F6D56-54D4-415F-8887-A9CD4F68180D}.AppStore|Any CPU.Build.0 = Release|Any CPU
		{0A4F6D56-54D4-415F-8887-A9CD4F68180D}.AppStore|iPhone.ActiveCfg = Release|Any CPU
		{0A4F6D56-54D4-415F-8887-A9CD4F68180D}.AppStore|iPhone.Build.0 = Release|Any CPU
		{0A4F6D56-54D4-415F-8887-A9CD4F68180D}.AppStore|iPhoneSimulator.ActiveCfg = Release|Any CPU
		{0A4F6D56-54D4-415F-8887-A9CD4F68180D}.AppStore|iPhoneSimulator.Build.0 = Release|Any CPU
		{0A4F6D56-54D4-415F-8887-A9CD4F68180D}.Debug|Any CPU.ActiveCfg = Debug|Any CPU
		{0A4F6D56-54D4-415F-8887-A9CD4F68180D}.Debug|Any CPU.Build.0 = Debug|Any CPU
		{0A4F6D56-54D4-415F-8887-A9CD4F68180D}.Debug|iPhone.ActiveCfg = Debug|Any CPU
		{0A4F6D56-54D4-415F-8887-A9CD4F68180D}.Debug|iPhone.Build.0 = Debug|Any CPU
		{0A4F6D56-54D4-415F-8887-A9CD4F68180D}.Debug|iPhoneSimulator.ActiveCfg = Debug|Any CPU
		{0A4F6D56-54D4-415F-8887-A9CD4F68180D}.Debug|iPhoneSimulator.Build.0 = Debug|Any CPU
		{0A4F6D56-54D4-415F-8887-A9CD4F68180D}.Release|Any CPU.ActiveCfg = Release|Any CPU
		{0A4F6D56-54D4-415F-8887-A9CD4F68180D}.Release|Any CPU.Build.0 = Release|Any CPU
		{0A4F6D56-54D4-415F-8887-A9CD4F68180D}.Release|iPhone.ActiveCfg = Release|Any CPU
		{0A4F6D56-54D4-415F-8887-A9CD4F68180D}.Release|iPhone.Build.0 = Release|Any CPU
		{0A4F6D56-54D4-415F-8887-A9CD4F68180D}.Release|iPhoneSimulator.ActiveCfg = Release|Any CPU
		{0A4F6D56-54D4-415F-8887-A9CD4F68180D}.Release|iPhoneSimulator.Build.0 = Release|Any CPU
	EndGlobalSection
	GlobalSection(SolutionProperties) = preSolution
		HideSolutionNode = FALSE
	EndGlobalSection
	GlobalSection(ExtensibilityGlobals) = postSolution
		SolutionGuid = {DDEA7360-BDC0-40E1-A4E4-7C5858564B2F}
	EndGlobalSection
EndGlobal
